// !$*UTF8*$!
{
	archiveVersion = 1;
	classes = {
	};
	objectVersion = 46;
	objects = {

/* Begin PBXBuildFile section */
		862E7C721DA44D8400BCEE74 /* AppDelegate.swift in Sources */ = {isa = PBXBuildFile; fileRef = 862E7C711DA44D8400BCEE74 /* AppDelegate.swift */; };
		862E7C741DA44D8400BCEE74 /* RootViewController.swift in Sources */ = {isa = PBXBuildFile; fileRef = 862E7C731DA44D8400BCEE74 /* RootViewController.swift */; };
		862E7C761DA44D8400BCEE74 /* DataViewController.swift in Sources */ = {isa = PBXBuildFile; fileRef = 862E7C751DA44D8400BCEE74 /* DataViewController.swift */; };
		862E7C781DA44D8400BCEE74 /* ModelController.swift in Sources */ = {isa = PBXBuildFile; fileRef = 862E7C771DA44D8400BCEE74 /* ModelController.swift */; };
		862E7C7B1DA44D8400BCEE74 /* Main.storyboard in Resources */ = {isa = PBXBuildFile; fileRef = 862E7C791DA44D8400BCEE74 /* Main.storyboard */; };
		862E7C7D1DA44D8400BCEE74 /* Assets.xcassets in Resources */ = {isa = PBXBuildFile; fileRef = 862E7C7C1DA44D8400BCEE74 /* Assets.xcassets */; };
		862E7C801DA44D8400BCEE74 /* LaunchScreen.storyboard in Resources */ = {isa = PBXBuildFile; fileRef = 862E7C7E1DA44D8400BCEE74 /* LaunchScreen.storyboard */; };
/* End PBXBuildFile section */

/* Begin PBXFileReference section */
		862E7C6E1DA44D8400BCEE74 /* AM.app */ = {isa = PBXFileReference; explicitFileType = wrapper.application; includeInIndex = 0; path = AM.app; sourceTree = BUILT_PRODUCTS_DIR; };
		862E7C711DA44D8400BCEE74 /* AppDelegate.swift */ = {isa = PBXFileReference; lastKnownFileType = sourcecode.swift; path = AppDelegate.swift; sourceTree = "<group>"; };
		862E7C731DA44D8400BCEE74 /* RootViewController.swift */ = {isa = PBXFileReference; lastKnownFileType = sourcecode.swift; path = RootViewController.swift; sourceTree = "<group>"; };
		862E7C751DA44D8400BCEE74 /* DataViewController.swift */ = {isa = PBXFileReference; lastKnownFileType = sourcecode.swift; path = DataViewController.swift; sourceTree = "<group>"; };
		862E7C771DA44D8400BCEE74 /* ModelController.swift */ = {isa = PBXFileReference; lastKnownFileType = sourcecode.swift; path = ModelController.swift; sourceTree = "<group>"; };
		862E7C7A1DA44D8400BCEE74 /* Base */ = {isa = PBXFileReference; lastKnownFileType = file.storyboard; name = Base; path = Base.lproj/Main.storyboard; sourceTree = "<group>"; };
		862E7C7C1DA44D8400BCEE74 /* Assets.xcassets */ = {isa = PBXFileReference; lastKnownFileType = folder.assetcatalog; path = Assets.xcassets; sourceTree = "<group>"; };
		862E7C7F1DA44D8400BCEE74 /* Base */ = {isa = PBXFileReference; lastKnownFileType = file.storyboard; name = Base; path = Base.lproj/LaunchScreen.storyboard; sourceTree = "<group>"; };
		862E7C811DA44D8400BCEE74 /* Info.plist */ = {isa = PBXFileReference; lastKnownFileType = text.plist.xml; path = Info.plist; sourceTree = "<group>"; };
/* End PBXFileReference section */

/* Begin PBXFrameworksBuildPhase section */
		862E7C6B1DA44D8400BCEE74 /* Frameworks */ = {
			isa = PBXFrameworksBuildPhase;
			buildActionMask = 2147483647;
			files = (
			);
			runOnlyForDeploymentPostprocessing = 0;
		};
/* End PBXFrameworksBuildPhase section */

/* Begin PBXGroup section */
		862E7C651DA44D8400BCEE74 = {
			isa = PBXGroup;
			children = (
				862E7C701DA44D8400BCEE74 /* AM */,
				862E7C6F1DA44D8400BCEE74 /* Products */,
			);
			sourceTree = "<group>";
		};
		862E7C6F1DA44D8400BCEE74 /* Products */ = {
			isa = PBXGroup;
			children = (
				862E7C6E1DA44D8400BCEE74 /* AM.app */,
			);
			name = Products;
			sourceTree = "<group>";
		};
		862E7C701DA44D8400BCEE74 /* AM */ = {
			isa = PBXGroup;
			children = (
				862E7C711DA44D8400BCEE74 /* AppDelegate.swift */,
				862E7C731DA44D8400BCEE74 /* RootViewController.swift */,
				862E7C751DA44D8400BCEE74 /* DataViewController.swift */,
				862E7C771DA44D8400BCEE74 /* ModelController.swift */,
				862E7C791DA44D8400BCEE74 /* Main.storyboard */,
				862E7C7C1DA44D8400BCEE74 /* Assets.xcassets */,
				862E7C7E1DA44D8400BCEE74 /* LaunchScreen.storyboard */,
				862E7C811DA44D8400BCEE74 /* Info.plist */,
			);
			path = AM;
			sourceTree = "<group>";
		};
/* End PBXGroup section */

/* Begin PBXNativeTarget section */
		862E7C6D1DA44D8400BCEE74 /* AM */ = {
			isa = PBXNativeTarget;
			buildConfigurationList = 862E7C841DA44D8400BCEE74 /* Build configuration list for PBXNativeTarget "AM" */;
			buildPhases = (
				862E7C6A1DA44D8400BCEE74 /* Sources */,
				862E7C6B1DA44D8400BCEE74 /* Frameworks */,
				862E7C6C1DA44D8400BCEE74 /* Resources */,
			);
			buildRules = (
			);
			dependencies = (
			);
			name = AM;
			productName = AM;
			productReference = 862E7C6E1DA44D8400BCEE74 /* AM.app */;
			productType = "com.apple.product-type.application";
		};
/* End PBXNativeTarget section */

/* Begin PBXProject section */
		862E7C661DA44D8400BCEE74 /* Project object */ = {
			isa = PBXProject;
			attributes = {
				LastSwiftUpdateCheck = 0800;
				LastUpgradeCheck = 0800;
				ORGANIZATIONNAME = "Sefa Sevtekin";
				TargetAttributes = {
					862E7C6D1DA44D8400BCEE74 = {
						CreatedOnToolsVersion = 8.0;
						DevelopmentTeam = QTVW3FY7AG;
						ProvisioningStyle = Automatic;
					};
				};
			};
			buildConfigurationList = 862E7C691DA44D8400BCEE74 /* Build configuration list for PBXProject "AM" */;
			compatibilityVersion = "Xcode 3.2";
			developmentRegion = English;
			hasScannedForEncodings = 0;
			knownRegions = (
				en,
				Base,
			);
			mainGroup = 862E7C651DA44D8400BCEE74;
			productRefGroup = 862E7C6F1DA44D8400BCEE74 /* Products */;
			projectDirPath = "";
			projectRoot = "";
			targets = (
				862E7C6D1DA44D8400BCEE74 /* AM */,
			);
		};
/* End PBXProject section */

/* Begin PBXResourcesBuildPhase section */
		862E7C6C1DA44D8400BCEE74 /* Resources */ = {
			isa = PBXResourcesBuildPhase;
			buildActionMask = 2147483647;
			files = (
				862E7C801DA44D8400BCEE74 /* LaunchScreen.storyboard in Resources */,
				862E7C7D1DA44D8400BCEE74 /* Assets.xcassets in Resources */,
				862E7C7B1DA44D8400BCEE74 /* Main.storyboard in Resources */,
			);
			runOnlyForDeploymentPostprocessing = 0;
		};
/* End PBXResourcesBuildPhase section */

/* Begin PBXSourcesBuildPhase section */
		862E7C6A1DA44D8400BCEE74 /* Sources */ = {
			isa = PBXSourcesBuildPhase;
			buildActionMask = 2147483647;
			files = (
				862E7C741DA44D8400BCEE74 /* RootViewController.swift in Sources */,
				862E7C781DA44D8400BCEE74 /* ModelController.swift in Sources */,
				862E7C761DA44D8400BCEE74 /* DataViewController.swift in Sources */,
				862E7C721DA44D8400BCEE74 /* AppDelegate.swift in Sources */,
			);
			runOnlyForDeploymentPostprocessing = 0;
		};
/* End PBXSourcesBuildPhase section */

/* Begin PBXVariantGroup section */
		862E7C791DA44D8400BCEE74 /* Main.storyboard */ = {
			isa = PBXVariantGroup;
			children = (
				862E7C7A1DA44D8400BCEE74 /* Base */,
			);
			name = Main.storyboard;
			sourceTree = "<group>";
		};
		862E7C7E1DA44D8400BCEE74 /* LaunchScreen.storyboard */ = {
			isa = PBXVariantGroup;
			children = (
				862E7C7F1DA44D8400BCEE74 /* Base */,
			);
			name = LaunchScreen.storyboard;
			sourceTree = "<group>";
		};
/* End PBXVariantGroup section */

/* Begin XCBuildConfiguration section */
		862E7C821DA44D8400BCEE74 /* Debug */ = {
			isa = XCBuildConfiguration;
			buildSettings = {
				ALWAYS_SEARCH_USER_PATHS = NO;
				CLANG_ANALYZER_NONNULL = YES;
				CLANG_CXX_LANGUAGE_STANDARD = "gnu++0x";
				CLANG_CXX_LIBRARY = "libc++";
				CLANG_ENABLE_MODULES = YES;
				CLANG_ENABLE_OBJC_ARC = YES;
				CLANG_WARN_BOOL_CONVERSION = YES;
				CLANG_WARN_CONSTANT_CONVERSION = YES;
				CLANG_WARN_DIRECT_OBJC_ISA_USAGE = YES_ERROR;
				CLANG_WARN_DOCUMENTATION_COMMENTS = YES;
				CLANG_WARN_EMPTY_BODY = YES;
				CLANG_WARN_ENUM_CONVERSION = YES;
				CLANG_WARN_INFINITE_RECURSION = YES;
				CLANG_WARN_INT_CONVERSION = YES;
				CLANG_WARN_OBJC_ROOT_CLASS = YES_ERROR;
				CLANG_WARN_SUSPICIOUS_MOVES = YES;
				CLANG_WARN_UNREACHABLE_CODE = YES;
				CLANG_WARN__DUPLICATE_METHOD_MATCH = YES;
				"CODE_SIGN_IDENTITY[sdk=iphoneos*]" = "iPhone Developer";
				COPY_PHASE_STRIP = NO;
				DEBUG_INFORMATION_FORMAT = dwarf;
				ENABLE_STRICT_OBJC_MSGSEND = YES;
				ENABLE_TESTABILITY = YES;
				GCC_C_LANGUAGE_STANDARD = gnu99;
				GCC_DYNAMIC_NO_PIC = NO;
				GCC_NO_COMMON_BLOCKS = YES;
				GCC_OPTIMIZATION_LEVEL = 0;
				GCC_PREPROCESSOR_DEFINITIONS = (
					"DEBUG=1",
					"$(inherited)",
				);
				GCC_WARN_64_TO_32_BIT_CONVERSION = YES;
				GCC_WARN_ABOUT_RETURN_TYPE = YES_ERROR;
				GCC_WARN_UNDECLARED_SELECTOR = YES;
				GCC_WARN_UNINITIALIZED_AUTOS = YES_AGGRESSIVE;
				GCC_WARN_UNUSED_FUNCTION = YES;
				GCC_WARN_UNUSED_VARIABLE = YES;
				IPHONEOS_DEPLOYMENT_TARGET = 10.0;
				MTL_ENABLE_DEBUG_INFO = YES;
				ONLY_ACTIVE_ARCH = YES;
				SDKROOT = iphoneos;
				SWIFT_ACTIVE_COMPILATION_CONDITIONS = DEBUG;
				SWIFT_OPTIMIZATION_LEVEL = "-Onone";
			};
			name = Debug;
		};
		862E7C831DA44D8400BCEE74 /* Release */ = {
			isa = XCBuildConfiguration;
			buildSettings = {
				ALWAYS_SEARCH_USER_PATHS = NO;
				CLANG_ANALYZER_NONNULL = YES;
				CLANG_CXX_LANGUAGE_STANDARD = "gnu++0x";
				CLANG_CXX_LIBRARY = "libc++";
				CLANG_ENABLE_MODULES = YES;
				CLANG_ENABLE_OBJC_ARC = YES;
				CLANG_WARN_BOOL_CONVERSION = YES;
				CLANG_WARN_CONSTANT_CONVERSION = YES;
				CLANG_WARN_DIRECT_OBJC_ISA_USAGE = YES_ERROR;
				CLANG_WARN_DOCUMENTATION_COMMENTS = YES;
				CLANG_WARN_EMPTY_BODY = YES;
				CLANG_WARN_ENUM_CONVERSION = YES;
				CLANG_WARN_INFINITE_RECURSION = YES;
				CLANG_WARN_INT_CONVERSION = YES;
				CLANG_WARN_OBJC_ROOT_CLASS = YES_ERROR;
				CLANG_WARN_SUSPICIOUS_MOVES = YES;
				CLANG_WARN_UNREACHABLE_CODE = YES;
				CLANG_WARN__DUPLICATE_METHOD_MATCH = YES;
				"CODE_SIGN_IDENTITY[sdk=iphoneos*]" = "iPhone Developer";
				COPY_PHASE_STRIP = NO;
				DEBUG_INFORMATION_FORMAT = "dwarf-with-dsym";
				ENABLE_NS_ASSERTIONS = NO;
				ENABLE_STRICT_OBJC_MSGSEND = YES;
				GCC_C_LANGUAGE_STANDARD = gnu99;
				GCC_NO_COMMON_BLOCKS = YES;
				GCC_WARN_64_TO_32_BIT_CONVERSION = YES;
				GCC_WARN_ABOUT_RETURN_TYPE = YES_ERROR;
				GCC_WARN_UNDECLARED_SELECTOR = YES;
				GCC_WARN_UNINITIALIZED_AUTOS = YES_AGGRESSIVE;
				GCC_WARN_UNUSED_FUNCTION = YES;
				GCC_WARN_UNUSED_VARIABLE = YES;
				IPHONEOS_DEPLOYMENT_TARGET = 10.0;
				MTL_ENABLE_DEBUG_INFO = NO;
				SDKROOT = iphoneos;
				SWIFT_OPTIMIZATION_LEVEL = "-Owholemodule";
				VALIDATE_PRODUCT = YES;
			};
			name = Release;
		};
		862E7C851DA44D8400BCEE74 /* Debug */ = {
			isa = XCBuildConfiguration;
			buildSettings = {
				ASSETCATALOG_COMPILER_APPICON_NAME = AppIcon;
				DEVELOPMENT_TEAM = QTVW3FY7AG;
				INFOPLIST_FILE = AM/Info.plist;
				LD_RUNPATH_SEARCH_PATHS = "$(inherited) @executable_path/Frameworks";
				PRODUCT_BUNDLE_IDENTIFIER = com.sevtekin.AM;
				PRODUCT_NAME = "$(TARGET_NAME)";
				SWIFT_VERSION = 3.0;
			};
			name = Debug;
		};
		862E7C861DA44D8400BCEE74 /* Release */ = {
			isa = XCBuildConfiguration;
			buildSettings = {
				ASSETCATALOG_COMPILER_APPICON_NAME = AppIcon;
				DEVELOPMENT_TEAM = QTVW3FY7AG;
				INFOPLIST_FILE = AM/Info.plist;
				LD_RUNPATH_SEARCH_PATHS = "$(inherited) @executable_path/Frameworks";
				PRODUCT_BUNDLE_IDENTIFIER = com.sevtekin.AM;
				PRODUCT_NAME = "$(TARGET_NAME)";
				SWIFT_VERSION = 3.0;
			};
			name = Release;
		};
/* End XCBuildConfiguration section */

/* Begin XCConfigurationList section */
		862E7C691DA44D8400BCEE74 /* Build configuration list for PBXProject "AM" */ = {
			isa = XCConfigurationList;
			buildConfigurations = (
				862E7C821DA44D8400BCEE74 /* Debug */,
				862E7C831DA44D8400BCEE74 /* Release */,
			);
			defaultConfigurationIsVisible = 0;
			defaultConfigurationName = Release;
		};
		862E7C841DA44D8400BCEE74 /* Build configuration list for PBXNativeTarget "AM" */ = {
			isa = XCConfigurationList;
			buildConfigurations = (
				862E7C851DA44D8400BCEE74 /* Debug */,
				862E7C861DA44D8400BCEE74 /* Release */,
			);
			defaultConfigurationIsVisible = 0;
		};
/* End XCConfigurationList section */
	};
	rootObject = 862E7C661DA44D8400BCEE74 /* Project object */;
}
